
Microsoft Visual Studio Solution File, Format Version 12.00
# Visual Studio Version 16
VisualStudioVersion = 16.0.30114.105
MinimumVisualStudioVersion = 10.0.40219.1
Project("{FAE04EC0-301F-11D3-BF4B-00C04F79EFBC}") = "MicroMute", "MicroMute\MicroMute.csproj", "{A918DEDC-5BAB-4BE2-8D2F-642E64F6F8E5}"
EndProject
Global
	GlobalSection(SolutionConfigurationPlatforms) = preSolution
		Debug|Any CPU = Debug|Any CPU
		Release|Any CPU = Release|Any CPU
	EndGlobalSection
	GlobalSection(ProjectConfigurationPlatforms) = postSolution
		{A918DEDC-5BAB-4BE2-8D2F-642E64F6F8E5}.Debug|Any CPU.ActiveCfg = Debug|Any CPU
		{A918DEDC-5BAB-4BE2-8D2F-642E64F6F8E5}.Debug|Any CPU.Build.0 = Debug|Any CPU
		{A918DEDC-5BAB-4BE2-8D2F-642E64F6F8E5}.Release|Any CPU.ActiveCfg = Release|Any CPU
		{A918DEDC-5BAB-4BE2-8D2F-642E64F6F8E5}.Release|Any CPU.Build.0 = Release|Any CPU
	EndGlobalSection
	GlobalSection(SolutionProperties) = preSolution
		HideSolutionNode = FALSE
	EndGlobalSection
	GlobalSection(ExtensibilityGlobals) = postSolution
		SolutionGuid = {1A7D777A-B3E4-49F9-8481-A52D760A4502}
	EndGlobalSection
EndGlobal
